
Microsoft Visual Studio Solution File, Format Version 12.00
# Visual Studio Version 16
VisualStudioVersion = 16.0.31624.102
MinimumVisualStudioVersion = 10.0.40219.1
Project("{8BC9CEB8-8B4A-11D0-8D11-00A0C91BC942}") = "lab1.7", "lab1.7.vcxproj", "{5BAD2D0B-5611-4565-A83F-7624C03023C4}"
EndProject
Global
	GlobalSection(SolutionConfigurationPlatforms) = preSolution
		Debug|x64 = Debug|x64
		Debug|x86 = Debug|x86
		Release|x64 = Release|x64
		Release|x86 = Release|x86
	EndGlobalSection
	GlobalSection(ProjectConfigurationPlatforms) = postSolution
		{5BAD2D0B-5611-4565-A83F-7624C03023C4}.Debug|x64.ActiveCfg = Debug|x64
		{5BAD2D0B-5611-4565-A83F-7624C03023C4}.Debug|x64.Build.0 = Debug|x64
		{5BAD2D0B-5611-4565-A83F-7624C03023C4}.Debug|x86.ActiveCfg = Debug|Win32
		{5BAD2D0B-5611-4565-A83F-7624C03023C4}.Debug|x86.Build.0 = Debug|Win32
		{5BAD2D0B-5611-4565-A83F-7624C03023C4}.Release|x64.ActiveCfg = Release|x64
		{5BAD2D0B-5611-4565-A83F-7624C03023C4}.Release|x64.Build.0 = Release|x64
		{5BAD2D0B-5611-4565-A83F-7624C03023C4}.Release|x86.ActiveCfg = Release|Win32
		{5BAD2D0B-5611-4565-A83F-7624C03023C4}.Release|x86.Build.0 = Release|Win32
	EndGlobalSection
	GlobalSection(SolutionProperties) = preSolution
		HideSolutionNode = FALSE
	EndGlobalSection
	GlobalSection(ExtensibilityGlobals) = postSolution
		SolutionGuid = {1F23C39F-8D7B-41BC-A155-78D7E8EB7127}
	EndGlobalSection
EndGlobal
